
Microsoft Visual Studio Solution File, Format Version 12.00
# Visual Studio 15
VisualStudioVersion = 15.0.27004.2009
MinimumVisualStudioVersion = 10.0.40219.1
Project("{FAE04EC0-301F-11D3-BF4B-00C04F79EFBC}") = "PasswordManager", "PasswordManager\PasswordManager.csproj", "{9A57436F-A5CB-4283-B502-3ED276F06C6D}"
EndProject
Project("{2150E333-8FDC-42A3-9474-1A3956D46DE8}") = "Algorithm Testing", "Algorithm Testing", "{0155A6B6-BC26-495A-B6FD-F4646C5AE25E}"
EndProject
Project("{FAE04EC0-301F-11D3-BF4B-00C04F79EFBC}") = "Algorithm Testing", "Algorithm Testing\Algorithm Testing.csproj", "{D9C5BBD0-8215-41F2-89F4-0FD17B23E4D0}"
EndProject
Global
	GlobalSection(SolutionConfigurationPlatforms) = preSolution
		Debug|Any CPU = Debug|Any CPU
		Debug|x64 = Debug|x64
		Debug|x86 = Debug|x86
		Release|Any CPU = Release|Any CPU
		Release|x64 = Release|x64
		Release|x86 = Release|x86
	EndGlobalSection
	GlobalSection(ProjectConfigurationPlatforms) = postSolution
		{9A57436F-A5CB-4283-B502-3ED276F06C6D}.Debug|Any CPU.ActiveCfg = Debug|Any CPU
		{9A57436F-A5CB-4283-B502-3ED276F06C6D}.Debug|Any CPU.Build.0 = Debug|Any CPU
		{9A57436F-A5CB-4283-B502-3ED276F06C6D}.Debug|x64.ActiveCfg = Debug|Any CPU
		{9A57436F-A5CB-4283-B502-3ED276F06C6D}.Debug|x64.Build.0 = Debug|Any CPU
		{9A57436F-A5CB-4283-B502-3ED276F06C6D}.Debug|x86.ActiveCfg = Debug|Any CPU
		{9A57436F-A5CB-4283-B502-3ED276F06C6D}.Debug|x86.Build.0 = Debug|Any CPU
		{9A57436F-A5CB-4283-B502-3ED276F06C6D}.Release|Any CPU.ActiveCfg = Release|Any CPU
		{9A57436F-A5CB-4283-B502-3ED276F06C6D}.Release|Any CPU.Build.0 = Release|Any CPU
		{9A57436F-A5CB-4283-B502-3ED276F06C6D}.Release|x64.ActiveCfg = Release|Any CPU
		{9A57436F-A5CB-4283-B502-3ED276F06C6D}.Release|x64.Build.0 = Release|Any CPU
		{9A57436F-A5CB-4283-B502-3ED276F06C6D}.Release|x86.ActiveCfg = Release|Any CPU
		{9A57436F-A5CB-4283-B502-3ED276F06C6D}.Release|x86.Build.0 = Release|Any CPU
		{D9C5BBD0-8215-41F2-89F4-0FD17B23E4D0}.Debug|Any CPU.ActiveCfg = Debug|Any CPU
		{D9C5BBD0-8215-41F2-89F4-0FD17B23E4D0}.Debug|Any CPU.Build.0 = Debug|Any CPU
		{D9C5BBD0-8215-41F2-89F4-0FD17B23E4D0}.Debug|x64.ActiveCfg = Debug|Any CPU
		{D9C5BBD0-8215-41F2-89F4-0FD17B23E4D0}.Debug|x64.Build.0 = Debug|Any CPU
		{D9C5BBD0-8215-41F2-89F4-0FD17B23E4D0}.Debug|x86.ActiveCfg = Debug|Any CPU
		{D9C5BBD0-8215-41F2-89F4-0FD17B23E4D0}.Debug|x86.Build.0 = Debug|Any CPU
		{D9C5BBD0-8215-41F2-89F4-0FD17B23E4D0}.Release|Any CPU.ActiveCfg = Release|Any CPU
		{D9C5BBD0-8215-41F2-89F4-0FD17B23E4D0}.Release|Any CPU.Build.0 = Release|Any CPU
		{D9C5BBD0-8215-41F2-89F4-0FD17B23E4D0}.Release|x64.ActiveCfg = Release|Any CPU
		{D9C5BBD0-8215-41F2-89F4-0FD17B23E4D0}.Release|x64.Build.0 = Release|Any CPU
		{D9C5BBD0-8215-41F2-89F4-0FD17B23E4D0}.Release|x86.ActiveCfg = Release|Any CPU
		{D9C5BBD0-8215-41F2-89F4-0FD17B23E4D0}.Release|x86.Build.0 = Release|Any CPU
	EndGlobalSection
	GlobalSection(SolutionProperties) = preSolution
		HideSolutionNode = FALSE
	EndGlobalSection
	GlobalSection(NestedProjects) = preSolution
		{D9C5BBD0-8215-41F2-89F4-0FD17B23E4D0} = {0155A6B6-BC26-495A-B6FD-F4646C5AE25E}
	EndGlobalSection
	GlobalSection(ExtensibilityGlobals) = postSolution
		SolutionGuid = {CAED32FB-7728-4D3C-8D9A-7F4C6D554DBE}
	EndGlobalSection
EndGlobal
